
Microsoft Visual Studio Solution File, Format Version 12.00
# Visual Studio Version 16
VisualStudioVersion = 16.0.31729.503
MinimumVisualStudioVersion = 10.0.40219.1
Project("{FAE04EC0-301F-11D3-BF4B-00C04F79EFBC}") = "GameStore", "GameStore\GameStore.csproj", "{834F6462-75A7-4B60-AA35-84DCE618EB04}"
EndProject
Global
	GlobalSection(SolutionConfigurationPlatforms) = preSolution
		Debug|Any CPU = Debug|Any CPU
		Release|Any CPU = Release|Any CPU
	EndGlobalSection
	GlobalSection(ProjectConfigurationPlatforms) = postSolution
		{834F6462-75A7-4B60-AA35-84DCE618EB04}.Debug|Any CPU.ActiveCfg = Debug|Any CPU
		{834F6462-75A7-4B60-AA35-84DCE618EB04}.Debug|Any CPU.Build.0 = Debug|Any CPU
		{834F6462-75A7-4B60-AA35-84DCE618EB04}.Release|Any CPU.ActiveCfg = Release|Any CPU
		{834F6462-75A7-4B60-AA35-84DCE618EB04}.Release|Any CPU.Build.0 = Release|Any CPU
	EndGlobalSection
	GlobalSection(SolutionProperties) = preSolution
		HideSolutionNode = FALSE
	EndGlobalSection
	GlobalSection(ExtensibilityGlobals) = postSolution
		SolutionGuid = {C16F172C-901B-43EA-9149-F64AD2538789}
	EndGlobalSection
EndGlobal
